// !$*UTF8*$!
{
	archiveVersion = 1;
	classes = {
	};
	objectVersion = 46;
	objects = {

/* Begin PBXBuildFile section */
		0F5373F01E7E78790003926E /* main.m in Sources */ = {isa = PBXBuildFile; fileRef = 0F5373EF1E7E78790003926E /* main.m */; };
		0F5373F31E7E78790003926E /* AppDelegate.m in Sources */ = {isa = PBXBuildFile; fileRef = 0F5373F21E7E78790003926E /* AppDelegate.m */; };
		0F5373F91E7E78790003926E /* Main.storyboard in Resources */ = {isa = PBXBuildFile; fileRef = 0F5373F71E7E78790003926E /* Main.storyboard */; };
		0F5373FB1E7E78790003926E /* Assets.xcassets in Resources */ = {isa = PBXBuildFile; fileRef = 0F5373FA1E7E78790003926E /* Assets.xcassets */; };
		0F5373FE1E7E78790003926E /* LaunchScreen.storyboard in Resources */ = {isa = PBXBuildFile; fileRef = 0F5373FC1E7E78790003926E /* LaunchScreen.storyboard */; };
		0F5374091E7E787A0003926E /* CryptochatTests.m in Sources */ = {isa = PBXBuildFile; fileRef = 0F5374081E7E787A0003926E /* CryptochatTests.m */; };
		0F5374141E7E787A0003926E /* CryptochatUITests.m in Sources */ = {isa = PBXBuildFile; fileRef = 0F5374131E7E787A0003926E /* CryptochatUITests.m */; };
		200243111B9802721A364448 /* libPods-Cryptochat.a in Frameworks */ = {isa = PBXBuildFile; fileRef = 494E4FB38B5740F03EC819A7 /* libPods-Cryptochat.a */; };
		20290B641EC8652200507479 /* ChatParser.m in Sources */ = {isa = PBXBuildFile; fileRef = 20290B611EC8652200507479 /* ChatParser.m */; };
		20290B651EC8652200507479 /* ChatService.m in Sources */ = {isa = PBXBuildFile; fileRef = 20290B631EC8652200507479 /* ChatService.m */; };
		20290B6B1EC8657600507479 /* ChatListModel.m in Sources */ = {isa = PBXBuildFile; fileRef = 20290B681EC8657600507479 /* ChatListModel.m */; };
		20290B6C1EC8657600507479 /* InterlocutorModel.m in Sources */ = {isa = PBXBuildFile; fileRef = 20290B6A1EC8657600507479 /* InterlocutorModel.m */; };
		2F19BB296E7007D75003C162 /* RegistrationRouter.m in Sources */ = {isa = PBXBuildFile; fileRef = CC37D26C384A7DC650BCB699 /* RegistrationRouter.m */; };
		31DF2A30594A720CCBC4B6CB /* RegistrationViewController.m in Sources */ = {isa = PBXBuildFile; fileRef = FA698A6CCE3574F62FBCF3E3 /* RegistrationViewController.m */; };
		5F04FB861EAD09C8007D5EBE /* CryptoService.m in Sources */ = {isa = PBXBuildFile; fileRef = 5F04FB851EAD09C8007D5EBE /* CryptoService.m */; };
		5F4ED2601EAA577D0055D605 /* RSProgress.m in Sources */ = {isa = PBXBuildFile; fileRef = 5F4ED25F1EAA577D0055D605 /* RSProgress.m */; };
		5F4ED2641EAB82A30055D605 /* RealmDataStore.m in Sources */ = {isa = PBXBuildFile; fileRef = 5F4ED2631EAB82A30055D605 /* RealmDataStore.m */; };
		5F4ED2671EAB83410055D605 /* UserAuthModel.m in Sources */ = {isa = PBXBuildFile; fileRef = 5F4ED2661EAB83410055D605 /* UserAuthModel.m */; };
		5F4ED26D1EAB84160055D605 /* UserAuthRealm.m in Sources */ = {isa = PBXBuildFile; fileRef = 5F4ED26A1EAB84160055D605 /* UserAuthRealm.m */; };
		5F4ED26E1EAB84160055D605 /* UserAuthRealm+Model.m in Sources */ = {isa = PBXBuildFile; fileRef = 5F4ED26C1EAB84160055D605 /* UserAuthRealm+Model.m */; };
		5F4ED2711EAB842C0055D605 /* UserAuthModel+Realm.m in Sources */ = {isa = PBXBuildFile; fileRef = 5F4ED2701EAB842C0055D605 /* UserAuthModel+Realm.m */; };
		5F5C563C1E7EC298002E62E7 /* ServiceAPI.m in Sources */ = {isa = PBXBuildFile; fileRef = 5F5C563B1E7EC298002E62E7 /* ServiceAPI.m */; };
		5F5C563F1E7EC2B4002E62E7 /* TransportLayer.m in Sources */ = {isa = PBXBuildFile; fileRef = 5F5C563E1E7EC2B4002E62E7 /* TransportLayer.m */; };
		5F5C56431E7EC6AC002E62E7 /* AuthService.m in Sources */ = {isa = PBXBuildFile; fileRef = 5F5C56421E7EC6AC002E62E7 /* AuthService.m */; };
		5F5C564A1E7EC956002E62E7 /* AuthParser.m in Sources */ = {isa = PBXBuildFile; fileRef = 5F5C56491E7EC956002E62E7 /* AuthParser.m */; };
		5FAD519E1EB752BA007D440E /* KeychainWrapper.m in Sources */ = {isa = PBXBuildFile; fileRef = 5FAD519B1EB752BA007D440E /* KeychainWrapper.m */; };
		5FAD519F1EB752BA007D440E /* Base64Coder.m in Sources */ = {isa = PBXBuildFile; fileRef = 5FAD519D1EB752BA007D440E /* Base64Coder.m */; };
		5FAD51A41EB7536F007D440E /* KeyChainService.m in Sources */ = {isa = PBXBuildFile; fileRef = 5FAD51A11EB7536E007D440E /* KeyChainService.m */; };
		5FAD51A51EB7536F007D440E /* ExchangeService.m in Sources */ = {isa = PBXBuildFile; fileRef = 5FAD51A31EB7536F007D440E /* ExchangeService.m */; };
		5FD0D0561E7E9C86004343A6 /* CRMediator.m in Sources */ = {isa = PBXBuildFile; fileRef = 5FD0D0551E7E9C86004343A6 /* CRMediator.m */; };
		5FD0D0581E7E9E02004343A6 /* Authorization.storyboard in Resources */ = {isa = PBXBuildFile; fileRef = 5FD0D0571E7E9E02004343A6 /* Authorization.storyboard */; };
		5FD0D05F1E7EBE50004343A6 /* AuthViewModel.m in Sources */ = {isa = PBXBuildFile; fileRef = 5FD0D05E1E7EBE50004343A6 /* AuthViewModel.m */; };
		6C5B21080CA3E52A582B223A /* AuthorizationRouter.m in Sources */ = {isa = PBXBuildFile; fileRef = 9AF666977B558BC53AF2D084 /* AuthorizationRouter.m */; };
		732E497B5B26B9CF7D1B47EE /* libPods-CryptochatUITests.a in Frameworks */ = {isa = PBXBuildFile; fileRef = 2D1B973D76D4C21265F5E6EB /* libPods-CryptochatUITests.a */; };
		8787C5D61B7D1D4361F299AD /* RegistrationPresenter.m in Sources */ = {isa = PBXBuildFile; fileRef = 75292A3237BFDD30A2C49B05 /* RegistrationPresenter.m */; };
		90E12DED3120639CAAEF6176 /* libPods-CryptochatTests.a in Frameworks */ = {isa = PBXBuildFile; fileRef = 6E5D9B7A4B3668C0BAE94A69 /* libPods-CryptochatTests.a */; };
		ADD6A39AFFF766D6D8252C14 /* RegistrationInteractor.m in Sources */ = {isa = PBXBuildFile; fileRef = 9AD805A5042C129EFA59CF0E /* RegistrationInteractor.m */; };
		BCD77F861FAD8A3447A909C3 /* AuthorizationPresenter.m in Sources */ = {isa = PBXBuildFile; fileRef = 012517E9AEE2EF8E62516FFE /* AuthorizationPresenter.m */; };
		C9FC6DE5D57B0A5C5E382A1B /* AuthorizationViewController.m in Sources */ = {isa = PBXBuildFile; fileRef = 62A1AF39D881100987CA81AC /* AuthorizationViewController.m */; };
		F2E8DA58E6E02E7D219B4AA3 /* AuthorizationInteractor.m in Sources */ = {isa = PBXBuildFile; fileRef = E06A7999ABCC6B5B7CC12389 /* AuthorizationInteractor.m */; };
/* End PBXBuildFile section */

/* Begin PBXContainerItemProxy section */
		0F5374051E7E787A0003926E /* PBXContainerItemProxy */ = {
			isa = PBXContainerItemProxy;
			containerPortal = 0F5373E31E7E78790003926E /* Project object */;
			proxyType = 1;
			remoteGlobalIDString = 0F5373EA1E7E78790003926E;
			remoteInfo = Cryptochat;
		};
		0F5374101E7E787A0003926E /* PBXContainerItemProxy */ = {
			isa = PBXContainerItemProxy;
			containerPortal = 0F5373E31E7E78790003926E /* Project object */;
			proxyType = 1;
			remoteGlobalIDString = 0F5373EA1E7E78790003926E;
			remoteInfo = Cryptochat;
		};
/* End PBXContainerItemProxy section */

/* Begin PBXFileReference section */
		012517E9AEE2EF8E62516FFE /* AuthorizationPresenter.m */ = {isa = PBXFileReference; includeInIndex = 1; lastKnownFileType = sourcecode.c.objc; path = AuthorizationPresenter.m; sourceTree = "<group>"; };
		07CFCAFF080DDF3527046AC9 /* RegistrationPresenter.h */ = {isa = PBXFileReference; includeInIndex = 1; lastKnownFileType = sourcecode.c.h; path = RegistrationPresenter.h; sourceTree = "<group>"; };
		0A9E263E8600F5DF95E57672 /* AuthorizationPresenter.h */ = {isa = PBXFileReference; includeInIndex = 1; lastKnownFileType = sourcecode.c.h; path = AuthorizationPresenter.h; sourceTree = "<group>"; };
		0DA30055277E751236112F0C /* RegistrationViewController.h */ = {isa = PBXFileReference; includeInIndex = 1; lastKnownFileType = sourcecode.c.h; path = RegistrationViewController.h; sourceTree = "<group>"; };
		0F5373EB1E7E78790003926E /* Cryptochat.app */ = {isa = PBXFileReference; explicitFileType = wrapper.application; includeInIndex = 0; path = Cryptochat.app; sourceTree = BUILT_PRODUCTS_DIR; };
		0F5373EF1E7E78790003926E /* main.m */ = {isa = PBXFileReference; lastKnownFileType = sourcecode.c.objc; path = main.m; sourceTree = "<group>"; };
		0F5373F11E7E78790003926E /* AppDelegate.h */ = {isa = PBXFileReference; lastKnownFileType = sourcecode.c.h; path = AppDelegate.h; sourceTree = "<group>"; };
		0F5373F21E7E78790003926E /* AppDelegate.m */ = {isa = PBXFileReference; lastKnownFileType = sourcecode.c.objc; path = AppDelegate.m; sourceTree = "<group>"; };
		0F5373F81E7E78790003926E /* Base */ = {isa = PBXFileReference; lastKnownFileType = file.storyboard; name = Base; path = Base.lproj/Main.storyboard; sourceTree = "<group>"; };
		0F5373FA1E7E78790003926E /* Assets.xcassets */ = {isa = PBXFileReference; lastKnownFileType = folder.assetcatalog; path = Assets.xcassets; sourceTree = "<group>"; };
		0F5373FD1E7E78790003926E /* Base */ = {isa = PBXFileReference; lastKnownFileType = file.storyboard; name = Base; path = Base.lproj/LaunchScreen.storyboard; sourceTree = "<group>"; };
		0F5373FF1E7E78790003926E /* Info.plist */ = {isa = PBXFileReference; lastKnownFileType = text.plist.xml; path = Info.plist; sourceTree = "<group>"; };
		0F5374041E7E787A0003926E /* CryptochatTests.xctest */ = {isa = PBXFileReference; explicitFileType = wrapper.cfbundle; includeInIndex = 0; path = CryptochatTests.xctest; sourceTree = BUILT_PRODUCTS_DIR; };
		0F5374081E7E787A0003926E /* CryptochatTests.m */ = {isa = PBXFileReference; lastKnownFileType = sourcecode.c.objc; path = CryptochatTests.m; sourceTree = "<group>"; };
		0F53740A1E7E787A0003926E /* Info.plist */ = {isa = PBXFileReference; lastKnownFileType = text.plist.xml; path = Info.plist; sourceTree = "<group>"; };
		0F53740F1E7E787A0003926E /* CryptochatUITests.xctest */ = {isa = PBXFileReference; explicitFileType = wrapper.cfbundle; includeInIndex = 0; path = CryptochatUITests.xctest; sourceTree = BUILT_PRODUCTS_DIR; };
		0F5374131E7E787A0003926E /* CryptochatUITests.m */ = {isa = PBXFileReference; lastKnownFileType = sourcecode.c.objc; path = CryptochatUITests.m; sourceTree = "<group>"; };
		0F5374151E7E787A0003926E /* Info.plist */ = {isa = PBXFileReference; lastKnownFileType = text.plist.xml; path = Info.plist; sourceTree = "<group>"; };
		0F7D018A30715EAD60F5CA10 /* AuthorizationInteractor.h */ = {isa = PBXFileReference; includeInIndex = 1; lastKnownFileType = sourcecode.c.h; path = AuthorizationInteractor.h; sourceTree = "<group>"; };
		20290B601EC8652200507479 /* ChatParser.h */ = {isa = PBXFileReference; fileEncoding = 4; lastKnownFileType = sourcecode.c.h; path = ChatParser.h; sourceTree = "<group>"; };
		20290B611EC8652200507479 /* ChatParser.m */ = {isa = PBXFileReference; fileEncoding = 4; lastKnownFileType = sourcecode.c.objc; path = ChatParser.m; sourceTree = "<group>"; };
		20290B621EC8652200507479 /* ChatService.h */ = {isa = PBXFileReference; fileEncoding = 4; lastKnownFileType = sourcecode.c.h; path = ChatService.h; sourceTree = "<group>"; };
		20290B631EC8652200507479 /* ChatService.m */ = {isa = PBXFileReference; fileEncoding = 4; lastKnownFileType = sourcecode.c.objc; path = ChatService.m; sourceTree = "<group>"; };
		20290B671EC8657600507479 /* ChatListModel.h */ = {isa = PBXFileReference; fileEncoding = 4; lastKnownFileType = sourcecode.c.h; path = ChatListModel.h; sourceTree = "<group>"; };
		20290B681EC8657600507479 /* ChatListModel.m */ = {isa = PBXFileReference; fileEncoding = 4; lastKnownFileType = sourcecode.c.objc; path = ChatListModel.m; sourceTree = "<group>"; };
		20290B691EC8657600507479 /* InterlocutorModel.h */ = {isa = PBXFileReference; fileEncoding = 4; lastKnownFileType = sourcecode.c.h; path = InterlocutorModel.h; sourceTree = "<group>"; };
		20290B6A1EC8657600507479 /* InterlocutorModel.m */ = {isa = PBXFileReference; fileEncoding = 4; lastKnownFileType = sourcecode.c.objc; path = InterlocutorModel.m; sourceTree = "<group>"; };
		2D1B973D76D4C21265F5E6EB /* libPods-CryptochatUITests.a */ = {isa = PBXFileReference; explicitFileType = archive.ar; includeInIndex = 0; path = "libPods-CryptochatUITests.a"; sourceTree = BUILT_PRODUCTS_DIR; };
		48CA8268DB24B4A9B3E357E3 /* AuthorizationRouter.h */ = {isa = PBXFileReference; includeInIndex = 1; lastKnownFileType = sourcecode.c.h; path = AuthorizationRouter.h; sourceTree = "<group>"; };
		494E4FB38B5740F03EC819A7 /* libPods-Cryptochat.a */ = {isa = PBXFileReference; explicitFileType = archive.ar; includeInIndex = 0; path = "libPods-Cryptochat.a"; sourceTree = BUILT_PRODUCTS_DIR; };
		4B5374768EE956FBBE0D0B3E /* AuthorizationViewController.h */ = {isa = PBXFileReference; includeInIndex = 1; lastKnownFileType = sourcecode.c.h; path = AuthorizationViewController.h; sourceTree = "<group>"; };
		4BAF65F5891B9BE4AB0FB9A3 /* RegistrationInteractorInterfaceIO.h */ = {isa = PBXFileReference; includeInIndex = 1; lastKnownFileType = sourcecode.c.h; path = RegistrationInteractorInterfaceIO.h; sourceTree = "<group>"; };
		50A1961D5FFF9225E460CA0D /* Pods-Cryptochat.release.xcconfig */ = {isa = PBXFileReference; includeInIndex = 1; lastKnownFileType = text.xcconfig; name = "Pods-Cryptochat.release.xcconfig"; path = "Pods/Target Support Files/Pods-Cryptochat/Pods-Cryptochat.release.xcconfig"; sourceTree = "<group>"; };
		5EF843D7506E8027BB67EE8C /* AuthorizationInteractorInterfaceIO.h */ = {isa = PBXFileReference; includeInIndex = 1; lastKnownFileType = sourcecode.c.h; path = AuthorizationInteractorInterfaceIO.h; sourceTree = "<group>"; };
		5F04FB841EAD09C8007D5EBE /* CryptoService.h */ = {isa = PBXFileReference; fileEncoding = 4; lastKnownFileType = sourcecode.c.h; path = CryptoService.h; sourceTree = "<group>"; };
		5F04FB851EAD09C8007D5EBE /* CryptoService.m */ = {isa = PBXFileReference; fileEncoding = 4; lastKnownFileType = sourcecode.c.objc; path = CryptoService.m; sourceTree = "<group>"; };
		5F4ED25E1EAA577D0055D605 /* RSProgress.h */ = {isa = PBXFileReference; fileEncoding = 4; lastKnownFileType = sourcecode.c.h; path = RSProgress.h; sourceTree = "<group>"; };
		5F4ED25F1EAA577D0055D605 /* RSProgress.m */ = {isa = PBXFileReference; fileEncoding = 4; lastKnownFileType = sourcecode.c.objc; path = RSProgress.m; sourceTree = "<group>"; };
		5F4ED2621EAB82A30055D605 /* RealmDataStore.h */ = {isa = PBXFileReference; fileEncoding = 4; lastKnownFileType = sourcecode.c.h; path = RealmDataStore.h; sourceTree = "<group>"; };
		5F4ED2631EAB82A30055D605 /* RealmDataStore.m */ = {isa = PBXFileReference; fileEncoding = 4; lastKnownFileType = sourcecode.c.objc; path = RealmDataStore.m; sourceTree = "<group>"; };
		5F4ED2651EAB83410055D605 /* UserAuthModel.h */ = {isa = PBXFileReference; fileEncoding = 4; lastKnownFileType = sourcecode.c.h; path = UserAuthModel.h; sourceTree = "<group>"; };
		5F4ED2661EAB83410055D605 /* UserAuthModel.m */ = {isa = PBXFileReference; fileEncoding = 4; lastKnownFileType = sourcecode.c.objc; path = UserAuthModel.m; sourceTree = "<group>"; };
		5F4ED2691EAB84160055D605 /* UserAuthRealm.h */ = {isa = PBXFileReference; fileEncoding = 4; lastKnownFileType = sourcecode.c.h; path = UserAuthRealm.h; sourceTree = "<group>"; };
		5F4ED26A1EAB84160055D605 /* UserAuthRealm.m */ = {isa = PBXFileReference; fileEncoding = 4; lastKnownFileType = sourcecode.c.objc; path = UserAuthRealm.m; sourceTree = "<group>"; };
		5F4ED26B1EAB84160055D605 /* UserAuthRealm+Model.h */ = {isa = PBXFileReference; fileEncoding = 4; lastKnownFileType = sourcecode.c.h; path = "UserAuthRealm+Model.h"; sourceTree = "<group>"; };
		5F4ED26C1EAB84160055D605 /* UserAuthRealm+Model.m */ = {isa = PBXFileReference; fileEncoding = 4; lastKnownFileType = sourcecode.c.objc; path = "UserAuthRealm+Model.m"; sourceTree = "<group>"; };
		5F4ED26F1EAB842C0055D605 /* UserAuthModel+Realm.h */ = {isa = PBXFileReference; fileEncoding = 4; lastKnownFileType = sourcecode.c.h; path = "UserAuthModel+Realm.h"; sourceTree = "<group>"; };
		5F4ED2701EAB842C0055D605 /* UserAuthModel+Realm.m */ = {isa = PBXFileReference; fileEncoding = 4; lastKnownFileType = sourcecode.c.objc; path = "UserAuthModel+Realm.m"; sourceTree = "<group>"; };
		5F5C563A1E7EC298002E62E7 /* ServiceAPI.h */ = {isa = PBXFileReference; fileEncoding = 4; lastKnownFileType = sourcecode.c.h; path = ServiceAPI.h; sourceTree = "<group>"; };
		5F5C563B1E7EC298002E62E7 /* ServiceAPI.m */ = {isa = PBXFileReference; fileEncoding = 4; lastKnownFileType = sourcecode.c.objc; path = ServiceAPI.m; sourceTree = "<group>"; };
		5F5C563D1E7EC2AC002E62E7 /* TransportLayer.h */ = {isa = PBXFileReference; fileEncoding = 4; lastKnownFileType = sourcecode.c.h; path = TransportLayer.h; sourceTree = "<group>"; };
		5F5C563E1E7EC2B4002E62E7 /* TransportLayer.m */ = {isa = PBXFileReference; fileEncoding = 4; lastKnownFileType = sourcecode.c.objc; path = TransportLayer.m; sourceTree = "<group>"; };
		5F5C56411E7EC6AC002E62E7 /* AuthService.h */ = {isa = PBXFileReference; fileEncoding = 4; lastKnownFileType = sourcecode.c.h; path = AuthService.h; sourceTree = "<group>"; };
		5F5C56421E7EC6AC002E62E7 /* AuthService.m */ = {isa = PBXFileReference; fileEncoding = 4; lastKnownFileType = sourcecode.c.objc; path = AuthService.m; sourceTree = "<group>"; };
		5F5C56481E7EC956002E62E7 /* AuthParser.h */ = {isa = PBXFileReference; fileEncoding = 4; lastKnownFileType = sourcecode.c.h; path = AuthParser.h; sourceTree = "<group>"; };
		5F5C56491E7EC956002E62E7 /* AuthParser.m */ = {isa = PBXFileReference; fileEncoding = 4; lastKnownFileType = sourcecode.c.objc; path = AuthParser.m; sourceTree = "<group>"; };
		5FAD519A1EB752BA007D440E /* KeychainWrapper.h */ = {isa = PBXFileReference; fileEncoding = 4; lastKnownFileType = sourcecode.c.h; path = KeychainWrapper.h; sourceTree = "<group>"; };
		5FAD519B1EB752BA007D440E /* KeychainWrapper.m */ = {isa = PBXFileReference; fileEncoding = 4; lastKnownFileType = sourcecode.c.objc; path = KeychainWrapper.m; sourceTree = "<group>"; };
		5FAD519C1EB752BA007D440E /* Base64Coder.h */ = {isa = PBXFileReference; fileEncoding = 4; lastKnownFileType = sourcecode.c.h; path = Base64Coder.h; sourceTree = "<group>"; };
		5FAD519D1EB752BA007D440E /* Base64Coder.m */ = {isa = PBXFileReference; fileEncoding = 4; lastKnownFileType = sourcecode.c.objc; path = Base64Coder.m; sourceTree = "<group>"; };
		5FAD51A01EB7536E007D440E /* KeyChainService.h */ = {isa = PBXFileReference; fileEncoding = 4; lastKnownFileType = sourcecode.c.h; path = KeyChainService.h; sourceTree = "<group>"; };
		5FAD51A11EB7536E007D440E /* KeyChainService.m */ = {isa = PBXFileReference; fileEncoding = 4; lastKnownFileType = sourcecode.c.objc; path = KeyChainService.m; sourceTree = "<group>"; };
		5FAD51A21EB7536E007D440E /* ExchangeService.h */ = {isa = PBXFileReference; fileEncoding = 4; lastKnownFileType = sourcecode.c.h; path = ExchangeService.h; sourceTree = "<group>"; };
		5FAD51A31EB7536F007D440E /* ExchangeService.m */ = {isa = PBXFileReference; fileEncoding = 4; lastKnownFileType = sourcecode.c.objc; path = ExchangeService.m; sourceTree = "<group>"; };
		5FD0D0541E7E9C86004343A6 /* CRMediator.h */ = {isa = PBXFileReference; fileEncoding = 4; lastKnownFileType = sourcecode.c.h; path = CRMediator.h; sourceTree = "<group>"; };
		5FD0D0551E7E9C86004343A6 /* CRMediator.m */ = {isa = PBXFileReference; fileEncoding = 4; lastKnownFileType = sourcecode.c.objc; path = CRMediator.m; sourceTree = "<group>"; };
		5FD0D0571E7E9E02004343A6 /* Authorization.storyboard */ = {isa = PBXFileReference; fileEncoding = 4; lastKnownFileType = file.storyboard; path = Authorization.storyboard; sourceTree = "<group>"; };
		5FD0D0591E7EB629004343A6 /* Constants.h */ = {isa = PBXFileReference; fileEncoding = 4; lastKnownFileType = sourcecode.c.h; path = Constants.h; sourceTree = "<group>"; };
		5FD0D05D1E7EBE50004343A6 /* AuthViewModel.h */ = {isa = PBXFileReference; fileEncoding = 4; lastKnownFileType = sourcecode.c.h; path = AuthViewModel.h; sourceTree = "<group>"; };
		5FD0D05E1E7EBE50004343A6 /* AuthViewModel.m */ = {isa = PBXFileReference; fileEncoding = 4; lastKnownFileType = sourcecode.c.objc; path = AuthViewModel.m; sourceTree = "<group>"; };
		617B63A943FE942E7182DB5C /* Pods-CryptochatTests.release.xcconfig */ = {isa = PBXFileReference; includeInIndex = 1; lastKnownFileType = text.xcconfig; name = "Pods-CryptochatTests.release.xcconfig"; path = "Pods/Target Support Files/Pods-CryptochatTests/Pods-CryptochatTests.release.xcconfig"; sourceTree = "<group>"; };
		62A1AF39D881100987CA81AC /* AuthorizationViewController.m */ = {isa = PBXFileReference; includeInIndex = 1; lastKnownFileType = sourcecode.c.objc; path = AuthorizationViewController.m; sourceTree = "<group>"; };
		6661A66E42963A2C3B328638 /* RegistrationInteractor.h */ = {isa = PBXFileReference; includeInIndex = 1; lastKnownFileType = sourcecode.c.h; path = RegistrationInteractor.h; sourceTree = "<group>"; };
		6E5D9B7A4B3668C0BAE94A69 /* libPods-CryptochatTests.a */ = {isa = PBXFileReference; explicitFileType = archive.ar; includeInIndex = 0; path = "libPods-CryptochatTests.a"; sourceTree = BUILT_PRODUCTS_DIR; };
		6F4957895E77CA9C114F4CC3 /* RegistrationDelegateInterface.h */ = {isa = PBXFileReference; includeInIndex = 1; lastKnownFileType = sourcecode.c.h; path = RegistrationDelegateInterface.h; sourceTree = "<group>"; };
		75292A3237BFDD30A2C49B05 /* RegistrationPresenter.m */ = {isa = PBXFileReference; includeInIndex = 1; lastKnownFileType = sourcecode.c.objc; path = RegistrationPresenter.m; sourceTree = "<group>"; };
		75CF26AB3B394232DED11D3E /* AuthorizationViewInterfaceIO.h */ = {isa = PBXFileReference; includeInIndex = 1; lastKnownFileType = sourcecode.c.h; path = AuthorizationViewInterfaceIO.h; sourceTree = "<group>"; };
		7CF073E88F7819C0D104FB26 /* RegistrationRouter.h */ = {isa = PBXFileReference; includeInIndex = 1; lastKnownFileType = sourcecode.c.h; path = RegistrationRouter.h; sourceTree = "<group>"; };
		9AD805A5042C129EFA59CF0E /* RegistrationInteractor.m */ = {isa = PBXFileReference; includeInIndex = 1; lastKnownFileType = sourcecode.c.objc; path = RegistrationInteractor.m; sourceTree = "<group>"; };
		9AF666977B558BC53AF2D084 /* AuthorizationRouter.m */ = {isa = PBXFileReference; includeInIndex = 1; lastKnownFileType = sourcecode.c.objc; path = AuthorizationRouter.m; sourceTree = "<group>"; };
		BA06C3619CC2786ECFBCA4B8 /* RegistrationViewInterfaceIO.h */ = {isa = PBXFileReference; includeInIndex = 1; lastKnownFileType = sourcecode.c.h; path = RegistrationViewInterfaceIO.h; sourceTree = "<group>"; };
		CACDFB1F4559ADA248BF746F /* Pods-CryptochatUITests.release.xcconfig */ = {isa = PBXFileReference; includeInIndex = 1; lastKnownFileType = text.xcconfig; name = "Pods-CryptochatUITests.release.xcconfig"; path = "Pods/Target Support Files/Pods-CryptochatUITests/Pods-CryptochatUITests.release.xcconfig"; sourceTree = "<group>"; };
		CC37D26C384A7DC650BCB699 /* RegistrationRouter.m */ = {isa = PBXFileReference; includeInIndex = 1; lastKnownFileType = sourcecode.c.objc; path = RegistrationRouter.m; sourceTree = "<group>"; };
		D45FB9643C6C173B77537AFB /* Pods-Cryptochat.debug.xcconfig */ = {isa = PBXFileReference; includeInIndex = 1; lastKnownFileType = text.xcconfig; name = "Pods-Cryptochat.debug.xcconfig"; path = "Pods/Target Support Files/Pods-Cryptochat/Pods-Cryptochat.debug.xcconfig"; sourceTree = "<group>"; };
		D75390540659B5BA99F1BF57 /* Pods-CryptochatTests.debug.xcconfig */ = {isa = PBXFileReference; includeInIndex = 1; lastKnownFileType = text.xcconfig; name = "Pods-CryptochatTests.debug.xcconfig"; path = "Pods/Target Support Files/Pods-CryptochatTests/Pods-CryptochatTests.debug.xcconfig"; sourceTree = "<group>"; };
		E06A7999ABCC6B5B7CC12389 /* AuthorizationInteractor.m */ = {isa = PBXFileReference; includeInIndex = 1; lastKnownFileType = sourcecode.c.objc; path = AuthorizationInteractor.m; sourceTree = "<group>"; };
		ED1792AD59CF99821F775214 /* Pods-CryptochatUITests.debug.xcconfig */ = {isa = PBXFileReference; includeInIndex = 1; lastKnownFileType = text.xcconfig; name = "Pods-CryptochatUITests.debug.xcconfig"; path = "Pods/Target Support Files/Pods-CryptochatUITests/Pods-CryptochatUITests.debug.xcconfig"; sourceTree = "<group>"; };
		F9DA65D2C7944C7276F0720A /* AuthorizationDelegateInterface.h */ = {isa = PBXFileReference; includeInIndex = 1; lastKnownFileType = sourcecode.c.h; path = AuthorizationDelegateInterface.h; sourceTree = "<group>"; };
		FA698A6CCE3574F62FBCF3E3 /* RegistrationViewController.m */ = {isa = PBXFileReference; includeInIndex = 1; lastKnownFileType = sourcecode.c.objc; path = RegistrationViewController.m; sourceTree = "<group>"; };
/* End PBXFileReference section */

/* Begin PBXFrameworksBuildPhase section */
		0F5373E81E7E78790003926E /* Frameworks */ = {
			isa = PBXFrameworksBuildPhase;
			buildActionMask = 2147483647;
			files = (
				200243111B9802721A364448 /* libPods-Cryptochat.a in Frameworks */,
			);
			runOnlyForDeploymentPostprocessing = 0;
		};
		0F5374011E7E787A0003926E /* Frameworks */ = {
			isa = PBXFrameworksBuildPhase;
			buildActionMask = 2147483647;
			files = (
				90E12DED3120639CAAEF6176 /* libPods-CryptochatTests.a in Frameworks */,
			);
			runOnlyForDeploymentPostprocessing = 0;
		};
		0F53740C1E7E787A0003926E /* Frameworks */ = {
			isa = PBXFrameworksBuildPhase;
			buildActionMask = 2147483647;
			files = (
				732E497B5B26B9CF7D1B47EE /* libPods-CryptochatUITests.a in Frameworks */,
			);
			runOnlyForDeploymentPostprocessing = 0;
		};
/* End PBXFrameworksBuildPhase section */

/* Begin PBXGroup section */
		0CA1B2CC8E3D4B14455484D3 /* Registration */ = {
			isa = PBXGroup;
			children = (
				9A90BAEEC90D8720BFAD5749 /* Application Logic */,
				7C5911EAA082B0B7D7788464 /* User Interface */,
			);
			path = Registration;
			sourceTree = "<group>";
		};
		0F5373E21E7E78790003926E = {
			isa = PBXGroup;
			children = (
				0F5373ED1E7E78790003926E /* Cryptochat */,
				0F5374071E7E787A0003926E /* CryptochatTests */,
				0F5374121E7E787A0003926E /* CryptochatUITests */,
				0F5373EC1E7E78790003926E /* Products */,
				3F6FF7C786E04CD1EA490A39 /* Pods */,
				987C1FA7237B4A97A808AD10 /* Frameworks */,
			);
			sourceTree = "<group>";
		};
		0F5373EC1E7E78790003926E /* Products */ = {
			isa = PBXGroup;
			children = (
				0F5373EB1E7E78790003926E /* Cryptochat.app */,
				0F5374041E7E787A0003926E /* CryptochatTests.xctest */,
				0F53740F1E7E787A0003926E /* CryptochatUITests.xctest */,
			);
			name = Products;
			sourceTree = "<group>";
		};
		0F5373ED1E7E78790003926E /* Cryptochat */ = {
			isa = PBXGroup;
			children = (
				5F4ED25D1EAA57600055D605 /* Libs */,
				5F4ED2611EAB82820055D605 /* Realm */,
				5FD0D04E1E7E99DA004343A6 /* Common */,
				A3DD76720BE00B65D2099355 /* Class */,
				5FD0D04F1E7E99E4004343A6 /* Resources */,
				0F5373EE1E7E78790003926E /* Supporting Files */,
			);
			path = Cryptochat;
			sourceTree = "<group>";
		};
		0F5373EE1E7E78790003926E /* Supporting Files */ = {
			isa = PBXGroup;
			children = (
				0F5373FF1E7E78790003926E /* Info.plist */,
				0F5373EF1E7E78790003926E /* main.m */,
			);
			name = "Supporting Files";
			sourceTree = "<group>";
		};
		0F5374071E7E787A0003926E /* CryptochatTests */ = {
			isa = PBXGroup;
			children = (
				0F5374081E7E787A0003926E /* CryptochatTests.m */,
				0F53740A1E7E787A0003926E /* Info.plist */,
			);
			path = CryptochatTests;
			sourceTree = "<group>";
		};
		0F5374121E7E787A0003926E /* CryptochatUITests */ = {
			isa = PBXGroup;
			children = (
				0F5374131E7E787A0003926E /* CryptochatUITests.m */,
				0F5374151E7E787A0003926E /* Info.plist */,
			);
			path = CryptochatUITests;
			sourceTree = "<group>";
		};
		1D8FCFA9B1B015505C50BB76 /* Module */ = {
			isa = PBXGroup;
			children = (
				DC642F8EFA776A72320451F0 /* Authorization */,
				0CA1B2CC8E3D4B14455484D3 /* Registration */,
			);
			path = Module;
			sourceTree = "<group>";
		};
		20290B661EC8655C00507479 /* Models */ = {
			isa = PBXGroup;
			children = (
				20290B671EC8657600507479 /* ChatListModel.h */,
				20290B681EC8657600507479 /* ChatListModel.m */,
				20290B691EC8657600507479 /* InterlocutorModel.h */,
				20290B6A1EC8657600507479 /* InterlocutorModel.m */,
			);
			name = Models;
			sourceTree = "<group>";
		};
		208909EC1EC8643E00D286AF /* Chat */ = {
			isa = PBXGroup;
			children = (
				20290B661EC8655C00507479 /* Models */,
				20290B621EC8652200507479 /* ChatService.h */,
				20290B631EC8652200507479 /* ChatService.m */,
				20290B601EC8652200507479 /* ChatParser.h */,
				20290B611EC8652200507479 /* ChatParser.m */,
			);
			name = Chat;
			sourceTree = "<group>";
		};
		2FCB3D0AE2A92608A16905F5 /* Presenter */ = {
			isa = PBXGroup;
			children = (
				07CFCAFF080DDF3527046AC9 /* RegistrationPresenter.h */,
				75292A3237BFDD30A2C49B05 /* RegistrationPresenter.m */,
			);
			path = Presenter;
			sourceTree = "<group>";
		};
		3F6FF7C786E04CD1EA490A39 /* Pods */ = {
			isa = PBXGroup;
			children = (
				D45FB9643C6C173B77537AFB /* Pods-Cryptochat.debug.xcconfig */,
				50A1961D5FFF9225E460CA0D /* Pods-Cryptochat.release.xcconfig */,
				D75390540659B5BA99F1BF57 /* Pods-CryptochatTests.debug.xcconfig */,
				617B63A943FE942E7182DB5C /* Pods-CryptochatTests.release.xcconfig */,
				ED1792AD59CF99821F775214 /* Pods-CryptochatUITests.debug.xcconfig */,
				CACDFB1F4559ADA248BF746F /* Pods-CryptochatUITests.release.xcconfig */,
			);
			name = Pods;
			sourceTree = "<group>";
		};
		5F04FB821EAD0989007D5EBE /* Auth Service */ = {
			isa = PBXGroup;
			children = (
				5F5C56441E7EC90F002E62E7 /* Model */,
				5F5C56411E7EC6AC002E62E7 /* AuthService.h */,
				5F5C56421E7EC6AC002E62E7 /* AuthService.m */,
				5F5C56481E7EC956002E62E7 /* AuthParser.h */,
				5F5C56491E7EC956002E62E7 /* AuthParser.m */,
			);
			name = "Auth Service";
			sourceTree = "<group>";
		};
		5F04FB831EAD0998007D5EBE /* Crypto Service */ = {
			isa = PBXGroup;
			children = (
				5F04FB841EAD09C8007D5EBE /* CryptoService.h */,
				5F04FB851EAD09C8007D5EBE /* CryptoService.m */,
			);
			name = "Crypto Service";
			sourceTree = "<group>";
		};
		5F4ED25D1EAA57600055D605 /* Libs */ = {
			isa = PBXGroup;
			children = (
				5FAD51991EB752AF007D440E /* Helpers */,
				5FAD51981EB752A3007D440E /* RSProgress */,
			);
			name = Libs;
			sourceTree = "<group>";
		};
		5F4ED2611EAB82820055D605 /* Realm */ = {
			isa = PBXGroup;
			children = (
				5F4ED2681EAB84010055D605 /* UserAuthRealm */,
				5F4ED2621EAB82A30055D605 /* RealmDataStore.h */,
				5F4ED2631EAB82A30055D605 /* RealmDataStore.m */,
			);
			name = Realm;
			sourceTree = "<group>";
		};
		5F4ED2681EAB84010055D605 /* UserAuthRealm */ = {
			isa = PBXGroup;
			children = (
				5F4ED2691EAB84160055D605 /* UserAuthRealm.h */,
				5F4ED26A1EAB84160055D605 /* UserAuthRealm.m */,
				5F4ED26B1EAB84160055D605 /* UserAuthRealm+Model.h */,
				5F4ED26C1EAB84160055D605 /* UserAuthRealm+Model.m */,
			);
			name = UserAuthRealm;
			sourceTree = "<group>";
		};
		5F5C56391E7EC26F002E62E7 /* Network */ = {
			isa = PBXGroup;
			children = (
				5F5C563D1E7EC2AC002E62E7 /* TransportLayer.h */,
				5F5C563E1E7EC2B4002E62E7 /* TransportLayer.m */,
				5F5C563A1E7EC298002E62E7 /* ServiceAPI.h */,
				5F5C563B1E7EC298002E62E7 /* ServiceAPI.m */,
			);
			name = Network;
			sourceTree = "<group>";
		};
		5F5C56401E7EC56D002E62E7 /* Service */ = {
			isa = PBXGroup;
			children = (
				208909EC1EC8643E00D286AF /* Chat */,
				5FAD51A61EB75417007D440E /* Exchange&KeyChain Service */,
				5F04FB831EAD0998007D5EBE /* Crypto Service */,
				5F04FB821EAD0989007D5EBE /* Auth Service */,
			);
			name = Service;
			sourceTree = "<group>";
		};
		5F5C56441E7EC90F002E62E7 /* Model */ = {
			isa = PBXGroup;
			children = (
				5F4ED2651EAB83410055D605 /* UserAuthModel.h */,
				5F4ED2661EAB83410055D605 /* UserAuthModel.m */,
				5F4ED26F1EAB842C0055D605 /* UserAuthModel+Realm.h */,
				5F4ED2701EAB842C0055D605 /* UserAuthModel+Realm.m */,
			);
			name = Model;
			sourceTree = "<group>";
		};
		5FAD51981EB752A3007D440E /* RSProgress */ = {
			isa = PBXGroup;
			children = (
				5F4ED25E1EAA577D0055D605 /* RSProgress.h */,
				5F4ED25F1EAA577D0055D605 /* RSProgress.m */,
			);
			name = RSProgress;
			sourceTree = "<group>";
		};
		5FAD51991EB752AF007D440E /* Helpers */ = {
			isa = PBXGroup;
			children = (
				5FAD519A1EB752BA007D440E /* KeychainWrapper.h */,
				5FAD519B1EB752BA007D440E /* KeychainWrapper.m */,
				5FAD519C1EB752BA007D440E /* Base64Coder.h */,
				5FAD519D1EB752BA007D440E /* Base64Coder.m */,
			);
			name = Helpers;
			sourceTree = "<group>";
		};
		5FAD51A61EB75417007D440E /* Exchange&KeyChain Service */ = {
			isa = PBXGroup;
			children = (
				5FAD51A01EB7536E007D440E /* KeyChainService.h */,
				5FAD51A11EB7536E007D440E /* KeyChainService.m */,
				5FAD51A21EB7536E007D440E /* ExchangeService.h */,
				5FAD51A31EB7536F007D440E /* ExchangeService.m */,
			);
			name = "Exchange&KeyChain Service";
			sourceTree = "<group>";
		};
		5FD0D04E1E7E99DA004343A6 /* Common */ = {
			isa = PBXGroup;
			children = (
				5F5C56391E7EC26F002E62E7 /* Network */,
				0F5373F11E7E78790003926E /* AppDelegate.h */,
				0F5373F21E7E78790003926E /* AppDelegate.m */,
				5FD0D0541E7E9C86004343A6 /* CRMediator.h */,
				5FD0D0551E7E9C86004343A6 /* CRMediator.m */,
			);
			name = Common;
			sourceTree = "<group>";
		};
		5FD0D04F1E7E99E4004343A6 /* Resources */ = {
			isa = PBXGroup;
			children = (
				5FD0D0501E7E9A9F004343A6 /* Storyboards */,
				0F5373FA1E7E78790003926E /* Assets.xcassets */,
				5FD0D0591E7EB629004343A6 /* Constants.h */,
			);
			name = Resources;
			sourceTree = "<group>";
		};
		5FD0D0501E7E9A9F004343A6 /* Storyboards */ = {
			isa = PBXGroup;
			children = (
				5FD0D0571E7E9E02004343A6 /* Authorization.storyboard */,
				0F5373F71E7E78790003926E /* Main.storyboard */,
				0F5373FC1E7E78790003926E /* LaunchScreen.storyboard */,
			);
			name = Storyboards;
			sourceTree = "<group>";
		};
		5FD0D05C1E7EBE34004343A6 /* AuthViewModel */ = {
			isa = PBXGroup;
			children = (
				5FD0D05D1E7EBE50004343A6 /* AuthViewModel.h */,
				5FD0D05E1E7EBE50004343A6 /* AuthViewModel.m */,
			);
			name = AuthViewModel;
			sourceTree = "<group>";
		};
		7C5911EAA082B0B7D7788464 /* User Interface */ = {
			isa = PBXGroup;
			children = (
				B3250851CAE781AC527D042A /* Router */,
				2FCB3D0AE2A92608A16905F5 /* Presenter */,
				A1F9EA563EFB86A3D54C2C44 /* View */,
			);
			path = "User Interface";
			sourceTree = "<group>";
		};
		92F40464B3141320F160257E /* Router */ = {
			isa = PBXGroup;
			children = (
				F9DA65D2C7944C7276F0720A /* AuthorizationDelegateInterface.h */,
				48CA8268DB24B4A9B3E357E3 /* AuthorizationRouter.h */,
				9AF666977B558BC53AF2D084 /* AuthorizationRouter.m */,
			);
			path = Router;
			sourceTree = "<group>";
		};
		93C4802B46A9AA3C72AF7379 /* Application Logic */ = {
			isa = PBXGroup;
			children = (
				5EF843D7506E8027BB67EE8C /* AuthorizationInteractorInterfaceIO.h */,
				0F7D018A30715EAD60F5CA10 /* AuthorizationInteractor.h */,
				E06A7999ABCC6B5B7CC12389 /* AuthorizationInteractor.m */,
			);
			path = "Application Logic";
			sourceTree = "<group>";
		};
		987C1FA7237B4A97A808AD10 /* Frameworks */ = {
			isa = PBXGroup;
			children = (
				494E4FB38B5740F03EC819A7 /* libPods-Cryptochat.a */,
				6E5D9B7A4B3668C0BAE94A69 /* libPods-CryptochatTests.a */,
				2D1B973D76D4C21265F5E6EB /* libPods-CryptochatUITests.a */,
			);
			name = Frameworks;
			sourceTree = "<group>";
		};
		9A90BAEEC90D8720BFAD5749 /* Application Logic */ = {
			isa = PBXGroup;
			children = (
				4BAF65F5891B9BE4AB0FB9A3 /* RegistrationInteractorInterfaceIO.h */,
				6661A66E42963A2C3B328638 /* RegistrationInteractor.h */,
				9AD805A5042C129EFA59CF0E /* RegistrationInteractor.m */,
			);
			path = "Application Logic";
			sourceTree = "<group>";
		};
		A1F9EA563EFB86A3D54C2C44 /* View */ = {
			isa = PBXGroup;
			children = (
				BA06C3619CC2786ECFBCA4B8 /* RegistrationViewInterfaceIO.h */,
				0DA30055277E751236112F0C /* RegistrationViewController.h */,
				FA698A6CCE3574F62FBCF3E3 /* RegistrationViewController.m */,
			);
			path = View;
			sourceTree = "<group>";
		};
		A3DD76720BE00B65D2099355 /* Class */ = {
			isa = PBXGroup;
			children = (
				5F5C56401E7EC56D002E62E7 /* Service */,
				1D8FCFA9B1B015505C50BB76 /* Module */,
			);
			path = Class;
			sourceTree = "<group>";
		};
		B3250851CAE781AC527D042A /* Router */ = {
			isa = PBXGroup;
			children = (
				6F4957895E77CA9C114F4CC3 /* RegistrationDelegateInterface.h */,
				7CF073E88F7819C0D104FB26 /* RegistrationRouter.h */,
				CC37D26C384A7DC650BCB699 /* RegistrationRouter.m */,
			);
			path = Router;
			sourceTree = "<group>";
		};
		B468B66A40C48C6A2DDF79ED /* User Interface */ = {
			isa = PBXGroup;
			children = (
				92F40464B3141320F160257E /* Router */,
				BEEAA8D6C6F5F157326E20ED /* Presenter */,
				C83AD83170BB234CF471E95E /* View */,
			);
			path = "User Interface";
			sourceTree = "<group>";
		};
		BEEAA8D6C6F5F157326E20ED /* Presenter */ = {
			isa = PBXGroup;
			children = (
				0A9E263E8600F5DF95E57672 /* AuthorizationPresenter.h */,
				012517E9AEE2EF8E62516FFE /* AuthorizationPresenter.m */,
			);
			path = Presenter;
			sourceTree = "<group>";
		};
		C83AD83170BB234CF471E95E /* View */ = {
			isa = PBXGroup;
			children = (
				5FD0D05C1E7EBE34004343A6 /* AuthViewModel */,
				75CF26AB3B394232DED11D3E /* AuthorizationViewInterfaceIO.h */,
				4B5374768EE956FBBE0D0B3E /* AuthorizationViewController.h */,
				62A1AF39D881100987CA81AC /* AuthorizationViewController.m */,
			);
			path = View;
			sourceTree = "<group>";
		};
		DC642F8EFA776A72320451F0 /* Authorization */ = {
			isa = PBXGroup;
			children = (
				93C4802B46A9AA3C72AF7379 /* Application Logic */,
				B468B66A40C48C6A2DDF79ED /* User Interface */,
			);
			path = Authorization;
			sourceTree = "<group>";
		};
/* End PBXGroup section */

/* Begin PBXNativeTarget section */
		0F5373EA1E7E78790003926E /* Cryptochat */ = {
			isa = PBXNativeTarget;
			buildConfigurationList = 0F5374181E7E787A0003926E /* Build configuration list for PBXNativeTarget "Cryptochat" */;
			buildPhases = (
				962DD72E3333FC0370B73DB6 /* [CP] Check Pods Manifest.lock */,
				0F5373E71E7E78790003926E /* Sources */,
				0F5373E81E7E78790003926E /* Frameworks */,
				0F5373E91E7E78790003926E /* Resources */,
				97A248CEBE8AD4B7FD9C867F /* [CP] Embed Pods Frameworks */,
				08DB03F1B971FBB293B3BA7B /* [CP] Copy Pods Resources */,
			);
			buildRules = (
			);
			dependencies = (
			);
			name = Cryptochat;
			productName = Cryptochat;
			productReference = 0F5373EB1E7E78790003926E /* Cryptochat.app */;
			productType = "com.apple.product-type.application";
		};
		0F5374031E7E787A0003926E /* CryptochatTests */ = {
			isa = PBXNativeTarget;
			buildConfigurationList = 0F53741B1E7E787A0003926E /* Build configuration list for PBXNativeTarget "CryptochatTests" */;
			buildPhases = (
				5546BE6BD4E348D31F58C185 /* [CP] Check Pods Manifest.lock */,
				0F5374001E7E787A0003926E /* Sources */,
				0F5374011E7E787A0003926E /* Frameworks */,
				0F5374021E7E787A0003926E /* Resources */,
				6D5F9A0FDB765D6C18F69ED8 /* [CP] Embed Pods Frameworks */,
				4E31FB2810B368D6B7C4C74A /* [CP] Copy Pods Resources */,
			);
			buildRules = (
			);
			dependencies = (
				0F5374061E7E787A0003926E /* PBXTargetDependency */,
			);
			name = CryptochatTests;
			productName = CryptochatTests;
			productReference = 0F5374041E7E787A0003926E /* CryptochatTests.xctest */;
			productType = "com.apple.product-type.bundle.unit-test";
		};
		0F53740E1E7E787A0003926E /* CryptochatUITests */ = {
			isa = PBXNativeTarget;
			buildConfigurationList = 0F53741E1E7E787A0003926E /* Build configuration list for PBXNativeTarget "CryptochatUITests" */;
			buildPhases = (
				E3A6754E76428C78F026813B /* [CP] Check Pods Manifest.lock */,
				0F53740B1E7E787A0003926E /* Sources */,
				0F53740C1E7E787A0003926E /* Frameworks */,
				0F53740D1E7E787A0003926E /* Resources */,
				FE803AD026D07FF95C2027D9 /* [CP] Embed Pods Frameworks */,
				E87169C006883DFBEC2306E5 /* [CP] Copy Pods Resources */,
			);
			buildRules = (
			);
			dependencies = (
				0F5374111E7E787A0003926E /* PBXTargetDependency */,
			);
			name = CryptochatUITests;
			productName = CryptochatUITests;
			productReference = 0F53740F1E7E787A0003926E /* CryptochatUITests.xctest */;
			productType = "com.apple.product-type.bundle.ui-testing";
		};
/* End PBXNativeTarget section */

/* Begin PBXProject section */
		0F5373E31E7E78790003926E /* Project object */ = {
			isa = PBXProject;
			attributes = {
				LastUpgradeCheck = 0820;
				ORGANIZATIONNAME = "Сергей Романков";
				TargetAttributes = {
					0F5373EA1E7E78790003926E = {
						CreatedOnToolsVersion = 8.2.1;
						DevelopmentTeam = PPDS96G2C4;
						ProvisioningStyle = Automatic;
					};
					0F5374031E7E787A0003926E = {
						CreatedOnToolsVersion = 8.2.1;
						DevelopmentTeam = PPDS96G2C4;
						ProvisioningStyle = Automatic;
						TestTargetID = 0F5373EA1E7E78790003926E;
					};
					0F53740E1E7E787A0003926E = {
						CreatedOnToolsVersion = 8.2.1;
						DevelopmentTeam = PPDS96G2C4;
						ProvisioningStyle = Automatic;
						TestTargetID = 0F5373EA1E7E78790003926E;
					};
				};
			};
			buildConfigurationList = 0F5373E61E7E78790003926E /* Build configuration list for PBXProject "Cryptochat" */;
			compatibilityVersion = "Xcode 3.2";
			developmentRegion = English;
			hasScannedForEncodings = 0;
			knownRegions = (
				en,
				Base,
			);
			mainGroup = 0F5373E21E7E78790003926E;
			productRefGroup = 0F5373EC1E7E78790003926E /* Products */;
			projectDirPath = "";
			projectRoot = "";
			targets = (
				0F5373EA1E7E78790003926E /* Cryptochat */,
				0F5374031E7E787A0003926E /* CryptochatTests */,
				0F53740E1E7E787A0003926E /* CryptochatUITests */,
			);
		};
/* End PBXProject section */

/* Begin PBXResourcesBuildPhase section */
		0F5373E91E7E78790003926E /* Resources */ = {
			isa = PBXResourcesBuildPhase;
			buildActionMask = 2147483647;
			files = (
				5FD0D0581E7E9E02004343A6 /* Authorization.storyboard in Resources */,
				0F5373FE1E7E78790003926E /* LaunchScreen.storyboard in Resources */,
				0F5373FB1E7E78790003926E /* Assets.xcassets in Resources */,
				0F5373F91E7E78790003926E /* Main.storyboard in Resources */,
			);
			runOnlyForDeploymentPostprocessing = 0;
		};
		0F5374021E7E787A0003926E /* Resources */ = {
			isa = PBXResourcesBuildPhase;
			buildActionMask = 2147483647;
			files = (
			);
			runOnlyForDeploymentPostprocessing = 0;
		};
		0F53740D1E7E787A0003926E /* Resources */ = {
			isa = PBXResourcesBuildPhase;
			buildActionMask = 2147483647;
			files = (
			);
			runOnlyForDeploymentPostprocessing = 0;
		};
/* End PBXResourcesBuildPhase section */

/* Begin PBXShellScriptBuildPhase section */
		08DB03F1B971FBB293B3BA7B /* [CP] Copy Pods Resources */ = {
			isa = PBXShellScriptBuildPhase;
			buildActionMask = 2147483647;
			files = (
			);
			inputPaths = (
			);
			name = "[CP] Copy Pods Resources";
			outputPaths = (
			);
			runOnlyForDeploymentPostprocessing = 0;
			shellPath = /bin/sh;
			shellScript = "\"${SRCROOT}/Pods/Target Support Files/Pods-Cryptochat/Pods-Cryptochat-resources.sh\"\n";
			showEnvVarsInLog = 0;
		};
		4E31FB2810B368D6B7C4C74A /* [CP] Copy Pods Resources */ = {
			isa = PBXShellScriptBuildPhase;
			buildActionMask = 2147483647;
			files = (
			);
			inputPaths = (
			);
			name = "[CP] Copy Pods Resources";
			outputPaths = (
			);
			runOnlyForDeploymentPostprocessing = 0;
			shellPath = /bin/sh;
			shellScript = "\"${SRCROOT}/Pods/Target Support Files/Pods-CryptochatTests/Pods-CryptochatTests-resources.sh\"\n";
			showEnvVarsInLog = 0;
		};
		5546BE6BD4E348D31F58C185 /* [CP] Check Pods Manifest.lock */ = {
			isa = PBXShellScriptBuildPhase;
			buildActionMask = 2147483647;
			files = (
			);
			inputPaths = (
			);
			name = "[CP] Check Pods Manifest.lock";
			outputPaths = (
			);
			runOnlyForDeploymentPostprocessing = 0;
			shellPath = /bin/sh;
			shellScript = "diff \"${PODS_ROOT}/../Podfile.lock\" \"${PODS_ROOT}/Manifest.lock\" > /dev/null\nif [ $? != 0 ] ; then\n    # print error to STDERR\n    echo \"error: The sandbox is not in sync with the Podfile.lock. Run 'pod install' or update your CocoaPods installation.\" >&2\n    exit 1\nfi\n";
			showEnvVarsInLog = 0;
		};
		6D5F9A0FDB765D6C18F69ED8 /* [CP] Embed Pods Frameworks */ = {
			isa = PBXShellScriptBuildPhase;
			buildActionMask = 2147483647;
			files = (
			);
			inputPaths = (
			);
			name = "[CP] Embed Pods Frameworks";
			outputPaths = (
			);
			runOnlyForDeploymentPostprocessing = 0;
			shellPath = /bin/sh;
			shellScript = "\"${SRCROOT}/Pods/Target Support Files/Pods-CryptochatTests/Pods-CryptochatTests-frameworks.sh\"\n";
			showEnvVarsInLog = 0;
		};
		962DD72E3333FC0370B73DB6 /* [CP] Check Pods Manifest.lock */ = {
			isa = PBXShellScriptBuildPhase;
			buildActionMask = 2147483647;
			files = (
			);
			inputPaths = (
			);
			name = "[CP] Check Pods Manifest.lock";
			outputPaths = (
			);
			runOnlyForDeploymentPostprocessing = 0;
			shellPath = /bin/sh;
			shellScript = "diff \"${PODS_ROOT}/../Podfile.lock\" \"${PODS_ROOT}/Manifest.lock\" > /dev/null\nif [ $? != 0 ] ; then\n    # print error to STDERR\n    echo \"error: The sandbox is not in sync with the Podfile.lock. Run 'pod install' or update your CocoaPods installation.\" >&2\n    exit 1\nfi\n";
			showEnvVarsInLog = 0;
		};
		97A248CEBE8AD4B7FD9C867F /* [CP] Embed Pods Frameworks */ = {
			isa = PBXShellScriptBuildPhase;
			buildActionMask = 2147483647;
			files = (
			);
			inputPaths = (
			);
			name = "[CP] Embed Pods Frameworks";
			outputPaths = (
			);
			runOnlyForDeploymentPostprocessing = 0;
			shellPath = /bin/sh;
			shellScript = "\"${SRCROOT}/Pods/Target Support Files/Pods-Cryptochat/Pods-Cryptochat-frameworks.sh\"\n";
			showEnvVarsInLog = 0;
		};
		E3A6754E76428C78F026813B /* [CP] Check Pods Manifest.lock */ = {
			isa = PBXShellScriptBuildPhase;
			buildActionMask = 2147483647;
			files = (
			);
			inputPaths = (
			);
			name = "[CP] Check Pods Manifest.lock";
			outputPaths = (
			);
			runOnlyForDeploymentPostprocessing = 0;
			shellPath = /bin/sh;
			shellScript = "diff \"${PODS_ROOT}/../Podfile.lock\" \"${PODS_ROOT}/Manifest.lock\" > /dev/null\nif [ $? != 0 ] ; then\n    # print error to STDERR\n    echo \"error: The sandbox is not in sync with the Podfile.lock. Run 'pod install' or update your CocoaPods installation.\" >&2\n    exit 1\nfi\n";
			showEnvVarsInLog = 0;
		};
		E87169C006883DFBEC2306E5 /* [CP] Copy Pods Resources */ = {
			isa = PBXShellScriptBuildPhase;
			buildActionMask = 2147483647;
			files = (
			);
			inputPaths = (
			);
			name = "[CP] Copy Pods Resources";
			outputPaths = (
			);
			runOnlyForDeploymentPostprocessing = 0;
			shellPath = /bin/sh;
			shellScript = "\"${SRCROOT}/Pods/Target Support Files/Pods-CryptochatUITests/Pods-CryptochatUITests-resources.sh\"\n";
			showEnvVarsInLog = 0;
		};
		FE803AD026D07FF95C2027D9 /* [CP] Embed Pods Frameworks */ = {
			isa = PBXShellScriptBuildPhase;
			buildActionMask = 2147483647;
			files = (
			);
			inputPaths = (
			);
			name = "[CP] Embed Pods Frameworks";
			outputPaths = (
			);
			runOnlyForDeploymentPostprocessing = 0;
			shellPath = /bin/sh;
			shellScript = "\"${SRCROOT}/Pods/Target Support Files/Pods-CryptochatUITests/Pods-CryptochatUITests-frameworks.sh\"\n";
			showEnvVarsInLog = 0;
		};
/* End PBXShellScriptBuildPhase section */

/* Begin PBXSourcesBuildPhase section */
		0F5373E71E7E78790003926E /* Sources */ = {
			isa = PBXSourcesBuildPhase;
			buildActionMask = 2147483647;
			files = (
				5FAD51A51EB7536F007D440E /* ExchangeService.m in Sources */,
				20290B6B1EC8657600507479 /* ChatListModel.m in Sources */,
				5FD0D05F1E7EBE50004343A6 /* AuthViewModel.m in Sources */,
				0F5373F31E7E78790003926E /* AppDelegate.m in Sources */,
				0F5373F01E7E78790003926E /* main.m in Sources */,
				5FAD51A41EB7536F007D440E /* KeyChainService.m in Sources */,
				5FD0D0561E7E9C86004343A6 /* CRMediator.m in Sources */,
				5F4ED2641EAB82A30055D605 /* RealmDataStore.m in Sources */,
				5F04FB861EAD09C8007D5EBE /* CryptoService.m in Sources */,
				F2E8DA58E6E02E7D219B4AA3 /* AuthorizationInteractor.m in Sources */,
				6C5B21080CA3E52A582B223A /* AuthorizationRouter.m in Sources */,
				5F4ED2671EAB83410055D605 /* UserAuthModel.m in Sources */,
				5FAD519E1EB752BA007D440E /* KeychainWrapper.m in Sources */,
				20290B651EC8652200507479 /* ChatService.m in Sources */,
				20290B6C1EC8657600507479 /* InterlocutorModel.m in Sources */,
				5F5C56431E7EC6AC002E62E7 /* AuthService.m in Sources */,
				5FAD519F1EB752BA007D440E /* Base64Coder.m in Sources */,
				5F5C564A1E7EC956002E62E7 /* AuthParser.m in Sources */,
				5F4ED26D1EAB84160055D605 /* UserAuthRealm.m in Sources */,
				BCD77F861FAD8A3447A909C3 /* AuthorizationPresenter.m in Sources */,
				5F4ED2711EAB842C0055D605 /* UserAuthModel+Realm.m in Sources */,
				C9FC6DE5D57B0A5C5E382A1B /* AuthorizationViewController.m in Sources */,
				ADD6A39AFFF766D6D8252C14 /* RegistrationInteractor.m in Sources */,
				20290B641EC8652200507479 /* ChatParser.m in Sources */,
				2F19BB296E7007D75003C162 /* RegistrationRouter.m in Sources */,
				8787C5D61B7D1D4361F299AD /* RegistrationPresenter.m in Sources */,
				5F5C563F1E7EC2B4002E62E7 /* TransportLayer.m in Sources */,
				5F4ED2601EAA577D0055D605 /* RSProgress.m in Sources */,
				5F5C563C1E7EC298002E62E7 /* ServiceAPI.m in Sources */,
				5F4ED26E1EAB84160055D605 /* UserAuthRealm+Model.m in Sources */,
				31DF2A30594A720CCBC4B6CB /* RegistrationViewController.m in Sources */,
			);
			runOnlyForDeploymentPostprocessing = 0;
		};
		0F5374001E7E787A0003926E /* Sources */ = {
			isa = PBXSourcesBuildPhase;
			buildActionMask = 2147483647;
			files = (
				0F5374091E7E787A0003926E /* CryptochatTests.m in Sources */,
			);
			runOnlyForDeploymentPostprocessing = 0;
		};
		0F53740B1E7E787A0003926E /* Sources */ = {
			isa = PBXSourcesBuildPhase;
			buildActionMask = 2147483647;
			files = (
				0F5374141E7E787A0003926E /* CryptochatUITests.m in Sources */,
			);
			runOnlyForDeploymentPostprocessing = 0;
		};
/* End PBXSourcesBuildPhase section */

/* Begin PBXTargetDependency section */
		0F5374061E7E787A0003926E /* PBXTargetDependency */ = {
			isa = PBXTargetDependency;
			target = 0F5373EA1E7E78790003926E /* Cryptochat */;
			targetProxy = 0F5374051E7E787A0003926E /* PBXContainerItemProxy */;
		};
		0F5374111E7E787A0003926E /* PBXTargetDependency */ = {
			isa = PBXTargetDependency;
			target = 0F5373EA1E7E78790003926E /* Cryptochat */;
			targetProxy = 0F5374101E7E787A0003926E /* PBXContainerItemProxy */;
		};
/* End PBXTargetDependency section */

/* Begin PBXVariantGroup section */
		0F5373F71E7E78790003926E /* Main.storyboard */ = {
			isa = PBXVariantGroup;
			children = (
				0F5373F81E7E78790003926E /* Base */,
			);
			name = Main.storyboard;
			sourceTree = "<group>";
		};
		0F5373FC1E7E78790003926E /* LaunchScreen.storyboard */ = {
			isa = PBXVariantGroup;
			children = (
				0F5373FD1E7E78790003926E /* Base */,
			);
			name = LaunchScreen.storyboard;
			sourceTree = "<group>";
		};
/* End PBXVariantGroup section */

/* Begin XCBuildConfiguration section */
		0F5374161E7E787A0003926E /* Debug */ = {
			isa = XCBuildConfiguration;
			buildSettings = {
				ALWAYS_SEARCH_USER_PATHS = NO;
				CLANG_ANALYZER_NONNULL = YES;
				CLANG_CXX_LANGUAGE_STANDARD = "gnu++0x";
				CLANG_CXX_LIBRARY = "libc++";
				CLANG_ENABLE_MODULES = YES;
				CLANG_ENABLE_OBJC_ARC = YES;
				CLANG_WARN_BOOL_CONVERSION = YES;
				CLANG_WARN_CONSTANT_CONVERSION = YES;
				CLANG_WARN_DIRECT_OBJC_ISA_USAGE = YES_ERROR;
				CLANG_WARN_DOCUMENTATION_COMMENTS = YES;
				CLANG_WARN_EMPTY_BODY = YES;
				CLANG_WARN_ENUM_CONVERSION = YES;
				CLANG_WARN_INFINITE_RECURSION = YES;
				CLANG_WARN_INT_CONVERSION = YES;
				CLANG_WARN_OBJC_ROOT_CLASS = YES_ERROR;
				CLANG_WARN_SUSPICIOUS_MOVE = YES;
				CLANG_WARN_UNREACHABLE_CODE = YES;
				CLANG_WARN__DUPLICATE_METHOD_MATCH = YES;
				"CODE_SIGN_IDENTITY[sdk=iphoneos*]" = "iPhone Developer";
				COPY_PHASE_STRIP = NO;
				DEBUG_INFORMATION_FORMAT = dwarf;
				ENABLE_STRICT_OBJC_MSGSEND = YES;
				ENABLE_TESTABILITY = YES;
				GCC_C_LANGUAGE_STANDARD = gnu99;
				GCC_DYNAMIC_NO_PIC = NO;
				GCC_NO_COMMON_BLOCKS = YES;
				GCC_OPTIMIZATION_LEVEL = 0;
				GCC_PREPROCESSOR_DEFINITIONS = (
					"DEBUG=1",
					"$(inherited)",
				);
				GCC_WARN_64_TO_32_BIT_CONVERSION = YES;
				GCC_WARN_ABOUT_RETURN_TYPE = YES_ERROR;
				GCC_WARN_UNDECLARED_SELECTOR = YES;
				GCC_WARN_UNINITIALIZED_AUTOS = YES_AGGRESSIVE;
				GCC_WARN_UNUSED_FUNCTION = YES;
				GCC_WARN_UNUSED_VARIABLE = YES;
				IPHONEOS_DEPLOYMENT_TARGET = 10.2;
				MTL_ENABLE_DEBUG_INFO = YES;
				ONLY_ACTIVE_ARCH = YES;
				SDKROOT = iphoneos;
				TARGETED_DEVICE_FAMILY = "1,2";
			};
			name = Debug;
		};
		0F5374171E7E787A0003926E /* Release */ = {
			isa = XCBuildConfiguration;
			buildSettings = {
				ALWAYS_SEARCH_USER_PATHS = NO;
				CLANG_ANALYZER_NONNULL = YES;
				CLANG_CXX_LANGUAGE_STANDARD = "gnu++0x";
				CLANG_CXX_LIBRARY = "libc++";
				CLANG_ENABLE_MODULES = YES;
				CLANG_ENABLE_OBJC_ARC = YES;
				CLANG_WARN_BOOL_CONVERSION = YES;
				CLANG_WARN_CONSTANT_CONVERSION = YES;
				CLANG_WARN_DIRECT_OBJC_ISA_USAGE = YES_ERROR;
				CLANG_WARN_DOCUMENTATION_COMMENTS = YES;
				CLANG_WARN_EMPTY_BODY = YES;
				CLANG_WARN_ENUM_CONVERSION = YES;
				CLANG_WARN_INFINITE_RECURSION = YES;
				CLANG_WARN_INT_CONVERSION = YES;
				CLANG_WARN_OBJC_ROOT_CLASS = YES_ERROR;
				CLANG_WARN_SUSPICIOUS_MOVE = YES;
				CLANG_WARN_UNREACHABLE_CODE = YES;
				CLANG_WARN__DUPLICATE_METHOD_MATCH = YES;
				"CODE_SIGN_IDENTITY[sdk=iphoneos*]" = "iPhone Developer";
				COPY_PHASE_STRIP = NO;
				DEBUG_INFORMATION_FORMAT = "dwarf-with-dsym";
				ENABLE_NS_ASSERTIONS = NO;
				ENABLE_STRICT_OBJC_MSGSEND = YES;
				GCC_C_LANGUAGE_STANDARD = gnu99;
				GCC_NO_COMMON_BLOCKS = YES;
				GCC_WARN_64_TO_32_BIT_CONVERSION = YES;
				GCC_WARN_ABOUT_RETURN_TYPE = YES_ERROR;
				GCC_WARN_UNDECLARED_SELECTOR = YES;
				GCC_WARN_UNINITIALIZED_AUTOS = YES_AGGRESSIVE;
				GCC_WARN_UNUSED_FUNCTION = YES;
				GCC_WARN_UNUSED_VARIABLE = YES;
				IPHONEOS_DEPLOYMENT_TARGET = 10.2;
				MTL_ENABLE_DEBUG_INFO = NO;
				SDKROOT = iphoneos;
				TARGETED_DEVICE_FAMILY = "1,2";
				VALIDATE_PRODUCT = YES;
			};
			name = Release;
		};
		0F5374191E7E787A0003926E /* Debug */ = {
			isa = XCBuildConfiguration;
			baseConfigurationReference = D45FB9643C6C173B77537AFB /* Pods-Cryptochat.debug.xcconfig */;
			buildSettings = {
				ASSETCATALOG_COMPILER_APPICON_NAME = AppIcon;
				DEVELOPMENT_TEAM = PPDS96G2C4;
				INFOPLIST_FILE = Cryptochat/Info.plist;
				LD_RUNPATH_SEARCH_PATHS = "$(inherited) @executable_path/Frameworks";
				PRODUCT_BUNDLE_IDENTIFIER = "IT-Machine.Cryptochat";
				PRODUCT_NAME = "$(TARGET_NAME)";
			};
			name = Debug;
		};
		0F53741A1E7E787A0003926E /* Release */ = {
			isa = XCBuildConfiguration;
			baseConfigurationReference = 50A1961D5FFF9225E460CA0D /* Pods-Cryptochat.release.xcconfig */;
			buildSettings = {
				ASSETCATALOG_COMPILER_APPICON_NAME = AppIcon;
				DEVELOPMENT_TEAM = PPDS96G2C4;
				INFOPLIST_FILE = Cryptochat/Info.plist;
				LD_RUNPATH_SEARCH_PATHS = "$(inherited) @executable_path/Frameworks";
				PRODUCT_BUNDLE_IDENTIFIER = "IT-Machine.Cryptochat";
				PRODUCT_NAME = "$(TARGET_NAME)";
			};
			name = Release;
		};
		0F53741C1E7E787A0003926E /* Debug */ = {
			isa = XCBuildConfiguration;
			baseConfigurationReference = D75390540659B5BA99F1BF57 /* Pods-CryptochatTests.debug.xcconfig */;
			buildSettings = {
				BUNDLE_LOADER = "$(TEST_HOST)";
				DEVELOPMENT_TEAM = PPDS96G2C4;
				INFOPLIST_FILE = CryptochatTests/Info.plist;
				LD_RUNPATH_SEARCH_PATHS = "$(inherited) @executable_path/Frameworks @loader_path/Frameworks";
				PRODUCT_BUNDLE_IDENTIFIER = "IT-Machine.CryptochatTests";
				PRODUCT_NAME = "$(TARGET_NAME)";
				TEST_HOST = "$(BUILT_PRODUCTS_DIR)/Cryptochat.app/Cryptochat";
			};
			name = Debug;
		};
		0F53741D1E7E787A0003926E /* Release */ = {
			isa = XCBuildConfiguration;
			baseConfigurationReference = 617B63A943FE942E7182DB5C /* Pods-CryptochatTests.release.xcconfig */;
			buildSettings = {
				BUNDLE_LOADER = "$(TEST_HOST)";
				DEVELOPMENT_TEAM = PPDS96G2C4;
				INFOPLIST_FILE = CryptochatTests/Info.plist;
				LD_RUNPATH_SEARCH_PATHS = "$(inherited) @executable_path/Frameworks @loader_path/Frameworks";
				PRODUCT_BUNDLE_IDENTIFIER = "IT-Machine.CryptochatTests";
				PRODUCT_NAME = "$(TARGET_NAME)";
				TEST_HOST = "$(BUILT_PRODUCTS_DIR)/Cryptochat.app/Cryptochat";
			};
			name = Release;
		};
		0F53741F1E7E787A0003926E /* Debug */ = {
			isa = XCBuildConfiguration;
			baseConfigurationReference = ED1792AD59CF99821F775214 /* Pods-CryptochatUITests.debug.xcconfig */;
			buildSettings = {
				DEVELOPMENT_TEAM = PPDS96G2C4;
				INFOPLIST_FILE = CryptochatUITests/Info.plist;
				LD_RUNPATH_SEARCH_PATHS = "$(inherited) @executable_path/Frameworks @loader_path/Frameworks";
				PRODUCT_BUNDLE_IDENTIFIER = "IT-Machine.CryptochatUITests";
				PRODUCT_NAME = "$(TARGET_NAME)";
				TEST_TARGET_NAME = Cryptochat;
			};
			name = Debug;
		};
		0F5374201E7E787A0003926E /* Release */ = {
			isa = XCBuildConfiguration;
			baseConfigurationReference = CACDFB1F4559ADA248BF746F /* Pods-CryptochatUITests.release.xcconfig */;
			buildSettings = {
				DEVELOPMENT_TEAM = PPDS96G2C4;
				INFOPLIST_FILE = CryptochatUITests/Info.plist;
				LD_RUNPATH_SEARCH_PATHS = "$(inherited) @executable_path/Frameworks @loader_path/Frameworks";
				PRODUCT_BUNDLE_IDENTIFIER = "IT-Machine.CryptochatUITests";
				PRODUCT_NAME = "$(TARGET_NAME)";
				TEST_TARGET_NAME = Cryptochat;
			};
			name = Release;
		};
/* End XCBuildConfiguration section */

/* Begin XCConfigurationList section */
		0F5373E61E7E78790003926E /* Build configuration list for PBXProject "Cryptochat" */ = {
			isa = XCConfigurationList;
			buildConfigurations = (
				0F5374161E7E787A0003926E /* Debug */,
				0F5374171E7E787A0003926E /* Release */,
			);
			defaultConfigurationIsVisible = 0;
			defaultConfigurationName = Release;
		};
		0F5374181E7E787A0003926E /* Build configuration list for PBXNativeTarget "Cryptochat" */ = {
			isa = XCConfigurationList;
			buildConfigurations = (
				0F5374191E7E787A0003926E /* Debug */,
				0F53741A1E7E787A0003926E /* Release */,
			);
			defaultConfigurationIsVisible = 0;
			defaultConfigurationName = Release;
		};
		0F53741B1E7E787A0003926E /* Build configuration list for PBXNativeTarget "CryptochatTests" */ = {
			isa = XCConfigurationList;
			buildConfigurations = (
				0F53741C1E7E787A0003926E /* Debug */,
				0F53741D1E7E787A0003926E /* Release */,
			);
			defaultConfigurationIsVisible = 0;
			defaultConfigurationName = Release;
		};
		0F53741E1E7E787A0003926E /* Build configuration list for PBXNativeTarget "CryptochatUITests" */ = {
			isa = XCConfigurationList;
			buildConfigurations = (
				0F53741F1E7E787A0003926E /* Debug */,
				0F5374201E7E787A0003926E /* Release */,
			);
			defaultConfigurationIsVisible = 0;
			defaultConfigurationName = Release;
		};
/* End XCConfigurationList section */
	};
	rootObject = 0F5373E31E7E78790003926E /* Project object */;
}
